
Microsoft Visual Studio Solution File, Format Version 12.00
# Visual Studio 14
VisualStudioVersion = 14.0.24720.0
MinimumVisualStudioVersion = 10.0.40219.1
Project("{FAE04EC0-301F-11D3-BF4B-00C04F79EFBC}") = "Task1", "Task1\Task1.csproj", "{60FE51AE-E7F1-494A-A624-512D3B194222}"
EndProject
Project("{FAE04EC0-301F-11D3-BF4B-00C04F79EFBC}") = "Task1Console", "Task1Console\Task1Console.csproj", "{1FEA5CCF-28AB-46EC-AAAD-6670DBB59D60}"
EndProject
Global
	GlobalSection(SolutionConfigurationPlatforms) = preSolution
		Debug|Any CPU = Debug|Any CPU
		Release|Any CPU = Release|Any CPU
	EndGlobalSection
	GlobalSection(ProjectConfigurationPlatforms) = postSolution
		{60FE51AE-E7F1-494A-A624-512D3B194222}.Debug|Any CPU.ActiveCfg = Debug|Any CPU
		{60FE51AE-E7F1-494A-A624-512D3B194222}.Debug|Any CPU.Build.0 = Debug|Any CPU
		{60FE51AE-E7F1-494A-A624-512D3B194222}.Release|Any CPU.ActiveCfg = Release|Any CPU
		{60FE51AE-E7F1-494A-A624-512D3B194222}.Release|Any CPU.Build.0 = Release|Any CPU
		{1FEA5CCF-28AB-46EC-AAAD-6670DBB59D60}.Debug|Any CPU.ActiveCfg = Debug|Any CPU
		{1FEA5CCF-28AB-46EC-AAAD-6670DBB59D60}.Debug|Any CPU.Build.0 = Debug|Any CPU
		{1FEA5CCF-28AB-46EC-AAAD-6670DBB59D60}.Release|Any CPU.ActiveCfg = Release|Any CPU
		{1FEA5CCF-28AB-46EC-AAAD-6670DBB59D60}.Release|Any CPU.Build.0 = Release|Any CPU
	EndGlobalSection
	GlobalSection(SolutionProperties) = preSolution
		HideSolutionNode = FALSE
	EndGlobalSection
EndGlobal
